
Microsoft Visual Studio Solution File, Format Version 12.00
# Visual Studio Version 17
VisualStudioVersion = 17.11.35219.272
MinimumVisualStudioVersion = 10.0.40219.1
Project("{FAE04EC0-301F-11D3-BF4B-00C04F79EFBC}") = "webApplicationmvc", "webApplicationmvc.csproj", "{957AEE4F-0534-46EC-B62B-6186FAE2937B}"
EndProject
Global
	GlobalSection(SolutionConfigurationPlatforms) = preSolution
		Debug|Any CPU = Debug|Any CPU
		Release|Any CPU = Release|Any CPU
	EndGlobalSection
	GlobalSection(ProjectConfigurationPlatforms) = postSolution
		{957AEE4F-0534-46EC-B62B-6186FAE2937B}.Debug|Any CPU.ActiveCfg = Debug|Any CPU
		{957AEE4F-0534-46EC-B62B-6186FAE2937B}.Debug|Any CPU.Build.0 = Debug|Any CPU
		{957AEE4F-0534-46EC-B62B-6186FAE2937B}.Release|Any CPU.ActiveCfg = Release|Any CPU
		{957AEE4F-0534-46EC-B62B-6186FAE2937B}.Release|Any CPU.Build.0 = Release|Any CPU
	EndGlobalSection
	GlobalSection(SolutionProperties) = preSolution
		HideSolutionNode = FALSE
	EndGlobalSection
	GlobalSection(ExtensibilityGlobals) = postSolution
		SolutionGuid = {83EA890B-2F00-4104-A74D-991505DFA7E6}
	EndGlobalSection
EndGlobal
